
Microsoft Visual Studio Solution File, Format Version 12.00
# Visual Studio Version 17
VisualStudioVersion = 17.11.35327.3
MinimumVisualStudioVersion = 10.0.40219.1
Project("{9A19103F-16F7-4668-BE54-9A1E7A4F7556}") = "OffersHub.API", "OffersHub\OffersHub.API.csproj", "{6A5A8FFC-98AC-495D-B287-561B32FEDDA4}"
EndProject
Project("{2150E333-8FDC-42A3-9474-1A3956D46DE8}") = "src", "src", "{6084EB0D-5A52-4640-A9F0-DC2C497C74DD}"
EndProject
Project("{2150E333-8FDC-42A3-9474-1A3956D46DE8}") = "core", "core", "{0508DE90-6774-4F50-BE7A-D803DD29CEBE}"
EndProject
Project("{2150E333-8FDC-42A3-9474-1A3956D46DE8}") = "infrastructure", "infrastructure", "{321DD59A-CF30-4E49-81E3-920079D0DDDB}"
EndProject
Project("{2150E333-8FDC-42A3-9474-1A3956D46DE8}") = "presentation", "presentation", "{9CE76315-F71A-47EF-9747-BAE13B6AE190}"
EndProject
Project("{9A19103F-16F7-4668-BE54-9A1E7A4F7556}") = "OffersHub.Application", "OffersHub.Application\OffersHub.Application.csproj", "{CD6E9E89-68DF-47E7-BFAB-5360DBFEC978}"
EndProject
Project("{9A19103F-16F7-4668-BE54-9A1E7A4F7556}") = "OffersHub.Domain", "OffersHub.Domain\OffersHub.Domain.csproj", "{5F8B1C03-BFEE-407F-A210-DFD9B6465C20}"
EndProject
Project("{9A19103F-16F7-4668-BE54-9A1E7A4F7556}") = "OffersHub.Infrastructure", "OffersHub.Infrastructure\OffersHub.Infrastructure.csproj", "{F7D8AB7D-B98E-40ED-855F-E53C5F5FDBF0}"
EndProject
Project("{9A19103F-16F7-4668-BE54-9A1E7A4F7556}") = "OffersHub.Persistance", "OffersHub.Persistance\OffersHub.Persistance.csproj", "{71C0A052-E871-4B33-8749-2AA877BB174D}"
EndProject
Project("{2150E333-8FDC-42A3-9474-1A3956D46DE8}") = "workers", "workers", "{E9851AAA-1FBD-475F-BE0A-87A64C6F763A}"
EndProject
Project("{9A19103F-16F7-4668-BE54-9A1E7A4F7556}") = "OffersHub.WorkerService", "OffersHub.WorkerService\OffersHub.WorkerService.csproj", "{B8CD0A5C-6E06-45A7-B475-45B9C627C5F0}"
EndProject
Project("{9A19103F-16F7-4668-BE54-9A1E7A4F7556}") = "OffersHub.Web", "OffersHub.Web\OffersHub.Web.csproj", "{6FE41DB9-D883-4A8F-A55D-100F29DC6F09}"
EndProject
Project("{2150E333-8FDC-42A3-9474-1A3956D46DE8}") = "Tests", "Tests", "{3ADF7B45-089C-4B13-9425-2E842E801369}"
EndProject
Project("{FAE04EC0-301F-11D3-BF4B-00C04F79EFBC}") = "OffersHub.Application.Tests", "OffersHub.Application.Tests\OffersHub.Application.Tests.csproj", "{B0F11FB1-6192-4408-B293-7C080CCEA8C6}"
EndProject
Global
	GlobalSection(SolutionConfigurationPlatforms) = preSolution
		Debug|Any CPU = Debug|Any CPU
		Release|Any CPU = Release|Any CPU
	EndGlobalSection
	GlobalSection(ProjectConfigurationPlatforms) = postSolution
		{6A5A8FFC-98AC-495D-B287-561B32FEDDA4}.Debug|Any CPU.ActiveCfg = Debug|Any CPU
		{6A5A8FFC-98AC-495D-B287-561B32FEDDA4}.Debug|Any CPU.Build.0 = Debug|Any CPU
		{6A5A8FFC-98AC-495D-B287-561B32FEDDA4}.Release|Any CPU.ActiveCfg = Release|Any CPU
		{6A5A8FFC-98AC-495D-B287-561B32FEDDA4}.Release|Any CPU.Build.0 = Release|Any CPU
		{CD6E9E89-68DF-47E7-BFAB-5360DBFEC978}.Debug|Any CPU.ActiveCfg = Debug|Any CPU
		{CD6E9E89-68DF-47E7-BFAB-5360DBFEC978}.Debug|Any CPU.Build.0 = Debug|Any CPU
		{CD6E9E89-68DF-47E7-BFAB-5360DBFEC978}.Release|Any CPU.ActiveCfg = Release|Any CPU
		{CD6E9E89-68DF-47E7-BFAB-5360DBFEC978}.Release|Any CPU.Build.0 = Release|Any CPU
		{5F8B1C03-BFEE-407F-A210-DFD9B6465C20}.Debug|Any CPU.ActiveCfg = Debug|Any CPU
		{5F8B1C03-BFEE-407F-A210-DFD9B6465C20}.Debug|Any CPU.Build.0 = Debug|Any CPU
		{5F8B1C03-BFEE-407F-A210-DFD9B6465C20}.Release|Any CPU.ActiveCfg = Release|Any CPU
		{5F8B1C03-BFEE-407F-A210-DFD9B6465C20}.Release|Any CPU.Build.0 = Release|Any CPU
		{F7D8AB7D-B98E-40ED-855F-E53C5F5FDBF0}.Debug|Any CPU.ActiveCfg = Debug|Any CPU
		{F7D8AB7D-B98E-40ED-855F-E53C5F5FDBF0}.Debug|Any CPU.Build.0 = Debug|Any CPU
		{F7D8AB7D-B98E-40ED-855F-E53C5F5FDBF0}.Release|Any CPU.ActiveCfg = Release|Any CPU
		{F7D8AB7D-B98E-40ED-855F-E53C5F5FDBF0}.Release|Any CPU.Build.0 = Release|Any CPU
		{71C0A052-E871-4B33-8749-2AA877BB174D}.Debug|Any CPU.ActiveCfg = Debug|Any CPU
		{71C0A052-E871-4B33-8749-2AA877BB174D}.Debug|Any CPU.Build.0 = Debug|Any CPU
		{71C0A052-E871-4B33-8749-2AA877BB174D}.Release|Any CPU.ActiveCfg = Release|Any CPU
		{71C0A052-E871-4B33-8749-2AA877BB174D}.Release|Any CPU.Build.0 = Release|Any CPU
		{B8CD0A5C-6E06-45A7-B475-45B9C627C5F0}.Debug|Any CPU.ActiveCfg = Debug|Any CPU
		{B8CD0A5C-6E06-45A7-B475-45B9C627C5F0}.Debug|Any CPU.Build.0 = Debug|Any CPU
		{B8CD0A5C-6E06-45A7-B475-45B9C627C5F0}.Release|Any CPU.ActiveCfg = Release|Any CPU
		{B8CD0A5C-6E06-45A7-B475-45B9C627C5F0}.Release|Any CPU.Build.0 = Release|Any CPU
		{6FE41DB9-D883-4A8F-A55D-100F29DC6F09}.Debug|Any CPU.ActiveCfg = Debug|Any CPU
		{6FE41DB9-D883-4A8F-A55D-100F29DC6F09}.Debug|Any CPU.Build.0 = Debug|Any CPU
		{6FE41DB9-D883-4A8F-A55D-100F29DC6F09}.Release|Any CPU.ActiveCfg = Release|Any CPU
		{6FE41DB9-D883-4A8F-A55D-100F29DC6F09}.Release|Any CPU.Build.0 = Release|Any CPU
		{B0F11FB1-6192-4408-B293-7C080CCEA8C6}.Debug|Any CPU.ActiveCfg = Debug|Any CPU
		{B0F11FB1-6192-4408-B293-7C080CCEA8C6}.Debug|Any CPU.Build.0 = Debug|Any CPU
		{B0F11FB1-6192-4408-B293-7C080CCEA8C6}.Release|Any CPU.ActiveCfg = Release|Any CPU
		{B0F11FB1-6192-4408-B293-7C080CCEA8C6}.Release|Any CPU.Build.0 = Release|Any CPU
	EndGlobalSection
	GlobalSection(SolutionProperties) = preSolution
		HideSolutionNode = FALSE
	EndGlobalSection
	GlobalSection(NestedProjects) = preSolution
		{6A5A8FFC-98AC-495D-B287-561B32FEDDA4} = {9CE76315-F71A-47EF-9747-BAE13B6AE190}
		{0508DE90-6774-4F50-BE7A-D803DD29CEBE} = {6084EB0D-5A52-4640-A9F0-DC2C497C74DD}
		{321DD59A-CF30-4E49-81E3-920079D0DDDB} = {6084EB0D-5A52-4640-A9F0-DC2C497C74DD}
		{9CE76315-F71A-47EF-9747-BAE13B6AE190} = {6084EB0D-5A52-4640-A9F0-DC2C497C74DD}
		{CD6E9E89-68DF-47E7-BFAB-5360DBFEC978} = {0508DE90-6774-4F50-BE7A-D803DD29CEBE}
		{5F8B1C03-BFEE-407F-A210-DFD9B6465C20} = {0508DE90-6774-4F50-BE7A-D803DD29CEBE}
		{F7D8AB7D-B98E-40ED-855F-E53C5F5FDBF0} = {321DD59A-CF30-4E49-81E3-920079D0DDDB}
		{71C0A052-E871-4B33-8749-2AA877BB174D} = {321DD59A-CF30-4E49-81E3-920079D0DDDB}
		{E9851AAA-1FBD-475F-BE0A-87A64C6F763A} = {6084EB0D-5A52-4640-A9F0-DC2C497C74DD}
		{B8CD0A5C-6E06-45A7-B475-45B9C627C5F0} = {E9851AAA-1FBD-475F-BE0A-87A64C6F763A}
		{6FE41DB9-D883-4A8F-A55D-100F29DC6F09} = {9CE76315-F71A-47EF-9747-BAE13B6AE190}
		{3ADF7B45-089C-4B13-9425-2E842E801369} = {6084EB0D-5A52-4640-A9F0-DC2C497C74DD}
		{B0F11FB1-6192-4408-B293-7C080CCEA8C6} = {3ADF7B45-089C-4B13-9425-2E842E801369}
	EndGlobalSection
	GlobalSection(ExtensibilityGlobals) = postSolution
		SolutionGuid = {342769D0-B15F-44BC-9020-CE3D175E8E3E}
	EndGlobalSection
EndGlobal
